
Microsoft Visual Studio Solution File, Format Version 12.00
# Visual Studio 2013
VisualStudioVersion = 12.0.30723.0
MinimumVisualStudioVersion = 10.0.40219.1
Project("{FAE04EC0-301F-11D3-BF4B-00C04F79EFBC}") = "FactoryPattern", "FactoryPattern\FactoryPattern.csproj", "{FB1388CB-C2C1-4EDD-B02D-4E4501CD65B2}"
EndProject
Project("{FAE04EC0-301F-11D3-BF4B-00C04F79EFBC}") = "AbstractFactoryPattern", "AbstractFactoryPattern\AbstractFactoryPattern.csproj", "{6F7FAF31-B7D2-4BCF-A14B-8B6756C7F4D6}"
EndProject
Project("{FAE04EC0-301F-11D3-BF4B-00C04F79EFBC}") = "SingletonPattern", "SingletonPattern\SingletonPattern.csproj", "{00406870-C731-420C-BF8A-E522B6DF8C5E}"
EndProject
Project("{FAE04EC0-301F-11D3-BF4B-00C04F79EFBC}") = "BuilderPattern", "BuilderPattern\BuilderPattern.csproj", "{06516B84-0885-47A9-B202-E3F549A3D531}"
EndProject
Project("{FAE04EC0-301F-11D3-BF4B-00C04F79EFBC}") = "PrototypePattern", "PrototypePattern\PrototypePattern.csproj", "{486EE279-252F-44E4-90A0-9196912E7B8B}"
EndProject
Project("{FAE04EC0-301F-11D3-BF4B-00C04F79EFBC}") = "AdapterPattern", "AdapterPattern\AdapterPattern.csproj", "{92266BCE-5D0D-43D1-92D9-023C5CB3DAEF}"
EndProject
Project("{FAE04EC0-301F-11D3-BF4B-00C04F79EFBC}") = "BridgePattern", "BridgePattern\BridgePattern.csproj", "{E8FCA8DA-A747-4594-9DC9-B9CDA7C9EF40}"
EndProject
Project("{FAE04EC0-301F-11D3-BF4B-00C04F79EFBC}") = "FilterPattern", "FilterPattern\FilterPattern.csproj", "{028CE9CB-D297-42AE-827C-953BA1F6812C}"
EndProject
Project("{FAE04EC0-301F-11D3-BF4B-00C04F79EFBC}") = "CompositePattern", "CompositePattern\CompositePattern.csproj", "{CF600EB6-20CE-404F-AB2F-69532F446808}"
EndProject
Project("{FAE04EC0-301F-11D3-BF4B-00C04F79EFBC}") = "DecoratorPattern", "DecoratorPattern\DecoratorPattern.csproj", "{2117D11A-00AA-49CB-9A0B-72DDB24C5848}"
EndProject
Project("{FAE04EC0-301F-11D3-BF4B-00C04F79EFBC}") = "FacadePattern", "FacadePattern\FacadePattern.csproj", "{7B4B8680-EA44-4EF0-8A5C-882519F7255B}"
EndProject
Project("{FAE04EC0-301F-11D3-BF4B-00C04F79EFBC}") = "FlyweightPattern", "FlyweightPattern\FlyweightPattern.csproj", "{046902B1-6FCC-4DF5-BD9F-8FE40C3506CC}"
EndProject
Project("{FAE04EC0-301F-11D3-BF4B-00C04F79EFBC}") = "ProxyPattern", "ProxyPattern\ProxyPattern.csproj", "{92668FA3-CE40-44D1-B760-7CEC2B1440D9}"
EndProject
Project("{FAE04EC0-301F-11D3-BF4B-00C04F79EFBC}") = "ChainofResponsibilityPattern", "ChainofResponsibilityPattern\ChainofResponsibilityPattern.csproj", "{AEFFA75C-B572-4617-B250-9287B9A2451B}"
EndProject
Project("{FAE04EC0-301F-11D3-BF4B-00C04F79EFBC}") = "CommandPattern", "CommandPattern\CommandPattern.csproj", "{6E51913E-646B-467B-A7AA-448A64E109C4}"
EndProject
Project("{FAE04EC0-301F-11D3-BF4B-00C04F79EFBC}") = "InterpreterPattern", "InterpreterPattern\InterpreterPattern.csproj", "{CBE3CA74-A026-4461-BEF8-096177C4C702}"
EndProject
Project("{FAE04EC0-301F-11D3-BF4B-00C04F79EFBC}") = "IteratorPattern", "IteratorPattern\IteratorPattern.csproj", "{59F09DCA-7166-49AA-9043-F34A5EBBB1B0}"
EndProject
Project("{FAE04EC0-301F-11D3-BF4B-00C04F79EFBC}") = "MediatorPattern", "MediatorPattern\MediatorPattern.csproj", "{A29CC9CC-BB5A-452E-AD25-669FBA404C60}"
EndProject
Project("{FAE04EC0-301F-11D3-BF4B-00C04F79EFBC}") = "MementoPattern", "MementoPattern\MementoPattern.csproj", "{5BD18E6F-04B8-40D3-B09A-DB91E9B26317}"
EndProject
Project("{FAE04EC0-301F-11D3-BF4B-00C04F79EFBC}") = "ObserverPattern", "ObserverPattern\ObserverPattern.csproj", "{3E9A4FDB-81ED-4819-9BB8-9C8B793C5DF2}"
EndProject
Project("{FAE04EC0-301F-11D3-BF4B-00C04F79EFBC}") = "StatePattern", "StatePattern\StatePattern.csproj", "{74352252-1679-4368-B067-22C3723B4D90}"
EndProject
Project("{FAE04EC0-301F-11D3-BF4B-00C04F79EFBC}") = "NullObjectPattern", "NullObjectPattern\NullObjectPattern.csproj", "{CB6E91C2-CA68-4A95-8D89-D0430C713D7C}"
EndProject
Project("{FAE04EC0-301F-11D3-BF4B-00C04F79EFBC}") = "StrategyPattern", "StrategyPattern\StrategyPattern.csproj", "{7C970258-8087-45FC-A40B-E99C60A9485B}"
EndProject
Project("{FAE04EC0-301F-11D3-BF4B-00C04F79EFBC}") = "TemplatePattern", "TemplatePattern\TemplatePattern.csproj", "{99D73AC6-52DE-44A9-B755-3CD51F13F94B}"
EndProject
Project("{FAE04EC0-301F-11D3-BF4B-00C04F79EFBC}") = "VisitorPattern", "VisitorPattern\VisitorPattern.csproj", "{2EDBEAA8-7038-493C-8B43-48346995C8FF}"
EndProject
Project("{FAE04EC0-301F-11D3-BF4B-00C04F79EFBC}") = "MVC", "MVC\MVC.csproj", "{92140E08-9D30-4701-AF66-1FFCBD7D04F3}"
EndProject
Project("{2150E333-8FDC-42A3-9474-1A3956D46DE8}") = "PatternPrototype", "PatternPrototype", "{7DEA54F4-14A2-4170-85B9-CF261F1960CC}"
EndProject
Project("{2150E333-8FDC-42A3-9474-1A3956D46DE8}") = "PatternApply", "PatternApply", "{8B96BCE9-B118-4DEB-8BEB-55799EE26BAE}"
EndProject
Project("{FAE04EC0-301F-11D3-BF4B-00C04F79EFBC}") = "AbstractFactoryPatternApply", "AbstractFactoryPatternApply\AbstractFactoryPatternApply.csproj", "{7523F03B-5421-448B-B49F-DC41FB3124E2}"
EndProject
Project("{FAE04EC0-301F-11D3-BF4B-00C04F79EFBC}") = "FactoryPatternApply", "FactoryPatternApply\FactoryPatternApply.csproj", "{98E2FD8A-17B1-4315-B9D4-B636BDF23EE8}"
EndProject
Project("{FAE04EC0-301F-11D3-BF4B-00C04F79EFBC}") = "BridgePatternApply", "BridgePatternApply\BridgePatternApply.csproj", "{BF916794-946F-469A-8448-0EAEC4A5A1E3}"
EndProject
Project("{FAE04EC0-301F-11D3-BF4B-00C04F79EFBC}") = "BuilderPatternApply", "BuilderPatternApply\BuilderPatternApply.csproj", "{BABA0A60-CF08-4CC7-A7E3-9E540EC4556F}"
EndProject
Project("{FAE04EC0-301F-11D3-BF4B-00C04F79EFBC}") = "ChainofResponsibilityPatternApply", "ChainofResponsibilityPatternApply\ChainofResponsibilityPatternApply.csproj", "{F82D95D4-C039-4EA2-A86D-8BD21843D89F}"
EndProject
Project("{FAE04EC0-301F-11D3-BF4B-00C04F79EFBC}") = "CommandPatternApply", "CommandPatternApply\CommandPatternApply.csproj", "{5B4E38A4-A917-4549-AAE3-45BFA68B17FB}"
EndProject
Project("{FAE04EC0-301F-11D3-BF4B-00C04F79EFBC}") = "CompositePatternApply", "CompositePatternApply\CompositePatternApply.csproj", "{7C8AECA0-11E8-48AF-8EF3-ADDA793529C2}"
EndProject
Project("{FAE04EC0-301F-11D3-BF4B-00C04F79EFBC}") = "DecoratorPatternApply", "DecoratorPatternApply\DecoratorPatternApply.csproj", "{232267BE-1F23-4A81-8DE7-00BD5108F8EB}"
EndProject
Project("{FAE04EC0-301F-11D3-BF4B-00C04F79EFBC}") = "FacadePatternApply", "FacadePatternApply\FacadePatternApply.csproj", "{8D8C2F07-A3F1-48EC-B791-C513884BE18A}"
EndProject
Project("{FAE04EC0-301F-11D3-BF4B-00C04F79EFBC}") = "FilterPatternApply", "FilterPatternApply\FilterPatternApply.csproj", "{4BBB7007-2C54-4742-BC50-3B3631DDC239}"
EndProject
Project("{FAE04EC0-301F-11D3-BF4B-00C04F79EFBC}") = "FilterPatternApply2", "FilterPatternApply2\FilterPatternApply2.csproj", "{0F60D1F4-DF0E-4D25-B052-D9E130F74DA0}"
EndProject
Project("{FAE04EC0-301F-11D3-BF4B-00C04F79EFBC}") = "FlyweightPatternApply", "FlyweightPatternApply\FlyweightPatternApply.csproj", "{9BAE8971-2CE1-49D3-850C-7578F0B2AFD6}"
EndProject
Project("{FAE04EC0-301F-11D3-BF4B-00C04F79EFBC}") = "InterpreterPatternApply", "InterpreterPatternApply\InterpreterPatternApply.csproj", "{95CA600C-0A2D-4FF1-849C-9A2848501693}"
EndProject
Project("{FAE04EC0-301F-11D3-BF4B-00C04F79EFBC}") = "IteratorPatternApply", "IteratorPatternApply\IteratorPatternApply.csproj", "{C9D856E7-B701-4ECE-A065-C5C8767744B6}"
EndProject
Project("{FAE04EC0-301F-11D3-BF4B-00C04F79EFBC}") = "MediatorPatternApply", "MediatorPatternApply\MediatorPatternApply.csproj", "{7E805C16-E891-4174-BC25-796386349F4A}"
EndProject
Project("{FAE04EC0-301F-11D3-BF4B-00C04F79EFBC}") = "CompositePatternApply2", "CompositePatternApply2\CompositePatternApply2.csproj", "{3C303D9E-C926-40ED-A9C5-2311F7FE9D7E}"
EndProject
Project("{FAE04EC0-301F-11D3-BF4B-00C04F79EFBC}") = "MementoPatternApply", "MementoPatternApply\MementoPatternApply.csproj", "{2DBF94D1-4C60-4C4A-B088-4B95C557D9DB}"
EndProject
Project("{FAE04EC0-301F-11D3-BF4B-00C04F79EFBC}") = "NullObjectPatternApply", "NullObjectPatternApply\NullObjectPatternApply.csproj", "{22BAE3E0-AF69-48B2-85B1-925ADE3F1384}"
EndProject
Project("{FAE04EC0-301F-11D3-BF4B-00C04F79EFBC}") = "ObserverPatternApply", "ObserverPatternApply\ObserverPatternApply.csproj", "{E10AD93C-C076-4E81-9B36-254F5D084EA4}"
EndProject
Project("{FAE04EC0-301F-11D3-BF4B-00C04F79EFBC}") = "PrototypePatternApply", "PrototypePatternApply\PrototypePatternApply.csproj", "{BE128558-8A46-483A-A95E-9A7F39FBD122}"
EndProject
Project("{FAE04EC0-301F-11D3-BF4B-00C04F79EFBC}") = "ProxyPatternApply", "ProxyPatternApply\ProxyPatternApply.csproj", "{76E4EA58-73E0-4B42-8E5F-D5C6FB07A7B2}"
EndProject
Project("{FAE04EC0-301F-11D3-BF4B-00C04F79EFBC}") = "SingletonPatternApply", "SingletonPatternApply\SingletonPatternApply.csproj", "{72604A3B-7DDF-4B15-A6BC-4CA0AB7A26B2}"
EndProject
Project("{FAE04EC0-301F-11D3-BF4B-00C04F79EFBC}") = "PureMVC", "PureMVC\PureMVC.csproj", "{3D9EC57A-4418-48E5-ACFD-392681568A50}"
EndProject
Global
	GlobalSection(SolutionConfigurationPlatforms) = preSolution
		Debug|Any CPU = Debug|Any CPU
		Debug|Mixed Platforms = Debug|Mixed Platforms
		Debug|Win32 = Debug|Win32
		Release|Any CPU = Release|Any CPU
		Release|Mixed Platforms = Release|Mixed Platforms
		Release|Win32 = Release|Win32
	EndGlobalSection
	GlobalSection(ProjectConfigurationPlatforms) = postSolution
		{FB1388CB-C2C1-4EDD-B02D-4E4501CD65B2}.Debug|Any CPU.ActiveCfg = Debug|Any CPU
		{FB1388CB-C2C1-4EDD-B02D-4E4501CD65B2}.Debug|Any CPU.Build.0 = Debug|Any CPU
		{FB1388CB-C2C1-4EDD-B02D-4E4501CD65B2}.Debug|Mixed Platforms.ActiveCfg = Debug|Any CPU
		{FB1388CB-C2C1-4EDD-B02D-4E4501CD65B2}.Debug|Mixed Platforms.Build.0 = Debug|Any CPU
		{FB1388CB-C2C1-4EDD-B02D-4E4501CD65B2}.Debug|Win32.ActiveCfg = Debug|Any CPU
		{FB1388CB-C2C1-4EDD-B02D-4E4501CD65B2}.Release|Any CPU.ActiveCfg = Release|Any CPU
		{FB1388CB-C2C1-4EDD-B02D-4E4501CD65B2}.Release|Any CPU.Build.0 = Release|Any CPU
		{FB1388CB-C2C1-4EDD-B02D-4E4501CD65B2}.Release|Mixed Platforms.ActiveCfg = Release|Any CPU
		{FB1388CB-C2C1-4EDD-B02D-4E4501CD65B2}.Release|Mixed Platforms.Build.0 = Release|Any CPU
		{FB1388CB-C2C1-4EDD-B02D-4E4501CD65B2}.Release|Win32.ActiveCfg = Release|Any CPU
		{6F7FAF31-B7D2-4BCF-A14B-8B6756C7F4D6}.Debug|Any CPU.ActiveCfg = Debug|Any CPU
		{6F7FAF31-B7D2-4BCF-A14B-8B6756C7F4D6}.Debug|Any CPU.Build.0 = Debug|Any CPU
		{6F7FAF31-B7D2-4BCF-A14B-8B6756C7F4D6}.Debug|Mixed Platforms.ActiveCfg = Debug|Any CPU
		{6F7FAF31-B7D2-4BCF-A14B-8B6756C7F4D6}.Debug|Mixed Platforms.Build.0 = Debug|Any CPU
		{6F7FAF31-B7D2-4BCF-A14B-8B6756C7F4D6}.Debug|Win32.ActiveCfg = Debug|Any CPU
		{6F7FAF31-B7D2-4BCF-A14B-8B6756C7F4D6}.Release|Any CPU.ActiveCfg = Release|Any CPU
		{6F7FAF31-B7D2-4BCF-A14B-8B6756C7F4D6}.Release|Any CPU.Build.0 = Release|Any CPU
		{6F7FAF31-B7D2-4BCF-A14B-8B6756C7F4D6}.Release|Mixed Platforms.ActiveCfg = Release|Any CPU
		{6F7FAF31-B7D2-4BCF-A14B-8B6756C7F4D6}.Release|Mixed Platforms.Build.0 = Release|Any CPU
		{6F7FAF31-B7D2-4BCF-A14B-8B6756C7F4D6}.Release|Win32.ActiveCfg = Release|Any CPU
		{00406870-C731-420C-BF8A-E522B6DF8C5E}.Debug|Any CPU.ActiveCfg = Debug|Any CPU
		{00406870-C731-420C-BF8A-E522B6DF8C5E}.Debug|Any CPU.Build.0 = Debug|Any CPU
		{00406870-C731-420C-BF8A-E522B6DF8C5E}.Debug|Mixed Platforms.ActiveCfg = Debug|Any CPU
		{00406870-C731-420C-BF8A-E522B6DF8C5E}.Debug|Mixed Platforms.Build.0 = Debug|Any CPU
		{00406870-C731-420C-BF8A-E522B6DF8C5E}.Debug|Win32.ActiveCfg = Debug|Any CPU
		{00406870-C731-420C-BF8A-E522B6DF8C5E}.Release|Any CPU.ActiveCfg = Release|Any CPU
		{00406870-C731-420C-BF8A-E522B6DF8C5E}.Release|Any CPU.Build.0 = Release|Any CPU
		{00406870-C731-420C-BF8A-E522B6DF8C5E}.Release|Mixed Platforms.ActiveCfg = Release|Any CPU
		{00406870-C731-420C-BF8A-E522B6DF8C5E}.Release|Mixed Platforms.Build.0 = Release|Any CPU
		{00406870-C731-420C-BF8A-E522B6DF8C5E}.Release|Win32.ActiveCfg = Release|Any CPU
		{06516B84-0885-47A9-B202-E3F549A3D531}.Debug|Any CPU.ActiveCfg = Debug|Any CPU
		{06516B84-0885-47A9-B202-E3F549A3D531}.Debug|Any CPU.Build.0 = Debug|Any CPU
		{06516B84-0885-47A9-B202-E3F549A3D531}.Debug|Mixed Platforms.ActiveCfg = Debug|Any CPU
		{06516B84-0885-47A9-B202-E3F549A3D531}.Debug|Mixed Platforms.Build.0 = Debug|Any CPU
		{06516B84-0885-47A9-B202-E3F549A3D531}.Debug|Win32.ActiveCfg = Debug|Any CPU
		{06516B84-0885-47A9-B202-E3F549A3D531}.Release|Any CPU.ActiveCfg = Release|Any CPU
		{06516B84-0885-47A9-B202-E3F549A3D531}.Release|Any CPU.Build.0 = Release|Any CPU
		{06516B84-0885-47A9-B202-E3F549A3D531}.Release|Mixed Platforms.ActiveCfg = Release|Any CPU
		{06516B84-0885-47A9-B202-E3F549A3D531}.Release|Mixed Platforms.Build.0 = Release|Any CPU
		{06516B84-0885-47A9-B202-E3F549A3D531}.Release|Win32.ActiveCfg = Release|Any CPU
		{486EE279-252F-44E4-90A0-9196912E7B8B}.Debug|Any CPU.ActiveCfg = Debug|Any CPU
		{486EE279-252F-44E4-90A0-9196912E7B8B}.Debug|Any CPU.Build.0 = Debug|Any CPU
		{486EE279-252F-44E4-90A0-9196912E7B8B}.Debug|Mixed Platforms.ActiveCfg = Debug|Any CPU
		{486EE279-252F-44E4-90A0-9196912E7B8B}.Debug|Mixed Platforms.Build.0 = Debug|Any CPU
		{486EE279-252F-44E4-90A0-9196912E7B8B}.Debug|Win32.ActiveCfg = Debug|Any CPU
		{486EE279-252F-44E4-90A0-9196912E7B8B}.Release|Any CPU.ActiveCfg = Release|Any CPU
		{486EE279-252F-44E4-90A0-9196912E7B8B}.Release|Any CPU.Build.0 = Release|Any CPU
		{486EE279-252F-44E4-90A0-9196912E7B8B}.Release|Mixed Platforms.ActiveCfg = Release|Any CPU
		{486EE279-252F-44E4-90A0-9196912E7B8B}.Release|Mixed Platforms.Build.0 = Release|Any CPU
		{486EE279-252F-44E4-90A0-9196912E7B8B}.Release|Win32.ActiveCfg = Release|Any CPU
		{92266BCE-5D0D-43D1-92D9-023C5CB3DAEF}.Debug|Any CPU.ActiveCfg = Debug|Any CPU
		{92266BCE-5D0D-43D1-92D9-023C5CB3DAEF}.Debug|Any CPU.Build.0 = Debug|Any CPU
		{92266BCE-5D0D-43D1-92D9-023C5CB3DAEF}.Debug|Mixed Platforms.ActiveCfg = Debug|Any CPU
		{92266BCE-5D0D-43D1-92D9-023C5CB3DAEF}.Debug|Mixed Platforms.Build.0 = Debug|Any CPU
		{92266BCE-5D0D-43D1-92D9-023C5CB3DAEF}.Debug|Win32.ActiveCfg = Debug|Any CPU
		{92266BCE-5D0D-43D1-92D9-023C5CB3DAEF}.Release|Any CPU.ActiveCfg = Release|Any CPU
		{92266BCE-5D0D-43D1-92D9-023C5CB3DAEF}.Release|Any CPU.Build.0 = Release|Any CPU
		{92266BCE-5D0D-43D1-92D9-023C5CB3DAEF}.Release|Mixed Platforms.ActiveCfg = Release|Any CPU
		{92266BCE-5D0D-43D1-92D9-023C5CB3DAEF}.Release|Mixed Platforms.Build.0 = Release|Any CPU
		{92266BCE-5D0D-43D1-92D9-023C5CB3DAEF}.Release|Win32.ActiveCfg = Release|Any CPU
		{E8FCA8DA-A747-4594-9DC9-B9CDA7C9EF40}.Debug|Any CPU.ActiveCfg = Debug|Any CPU
		{E8FCA8DA-A747-4594-9DC9-B9CDA7C9EF40}.Debug|Any CPU.Build.0 = Debug|Any CPU
		{E8FCA8DA-A747-4594-9DC9-B9CDA7C9EF40}.Debug|Mixed Platforms.ActiveCfg = Debug|Any CPU
		{E8FCA8DA-A747-4594-9DC9-B9CDA7C9EF40}.Debug|Mixed Platforms.Build.0 = Debug|Any CPU
		{E8FCA8DA-A747-4594-9DC9-B9CDA7C9EF40}.Debug|Win32.ActiveCfg = Debug|Any CPU
		{E8FCA8DA-A747-4594-9DC9-B9CDA7C9EF40}.Release|Any CPU.ActiveCfg = Release|Any CPU
		{E8FCA8DA-A747-4594-9DC9-B9CDA7C9EF40}.Release|Any CPU.Build.0 = Release|Any CPU
		{E8FCA8DA-A747-4594-9DC9-B9CDA7C9EF40}.Release|Mixed Platforms.ActiveCfg = Release|Any CPU
		{E8FCA8DA-A747-4594-9DC9-B9CDA7C9EF40}.Release|Mixed Platforms.Build.0 = Release|Any CPU
		{E8FCA8DA-A747-4594-9DC9-B9CDA7C9EF40}.Release|Win32.ActiveCfg = Release|Any CPU
		{028CE9CB-D297-42AE-827C-953BA1F6812C}.Debug|Any CPU.ActiveCfg = Debug|Any CPU
		{028CE9CB-D297-42AE-827C-953BA1F6812C}.Debug|Any CPU.Build.0 = Debug|Any CPU
		{028CE9CB-D297-42AE-827C-953BA1F6812C}.Debug|Mixed Platforms.ActiveCfg = Debug|Any CPU
		{028CE9CB-D297-42AE-827C-953BA1F6812C}.Debug|Mixed Platforms.Build.0 = Debug|Any CPU
		{028CE9CB-D297-42AE-827C-953BA1F6812C}.Debug|Win32.ActiveCfg = Debug|Any CPU
		{028CE9CB-D297-42AE-827C-953BA1F6812C}.Release|Any CPU.ActiveCfg = Release|Any CPU
		{028CE9CB-D297-42AE-827C-953BA1F6812C}.Release|Any CPU.Build.0 = Release|Any CPU
		{028CE9CB-D297-42AE-827C-953BA1F6812C}.Release|Mixed Platforms.ActiveCfg = Release|Any CPU
		{028CE9CB-D297-42AE-827C-953BA1F6812C}.Release|Mixed Platforms.Build.0 = Release|Any CPU
		{028CE9CB-D297-42AE-827C-953BA1F6812C}.Release|Win32.ActiveCfg = Release|Any CPU
		{CF600EB6-20CE-404F-AB2F-69532F446808}.Debug|Any CPU.ActiveCfg = Debug|Any CPU
		{CF600EB6-20CE-404F-AB2F-69532F446808}.Debug|Any CPU.Build.0 = Debug|Any CPU
		{CF600EB6-20CE-404F-AB2F-69532F446808}.Debug|Mixed Platforms.ActiveCfg = Debug|Any CPU
		{CF600EB6-20CE-404F-AB2F-69532F446808}.Debug|Mixed Platforms.Build.0 = Debug|Any CPU
		{CF600EB6-20CE-404F-AB2F-69532F446808}.Debug|Win32.ActiveCfg = Debug|Any CPU
		{CF600EB6-20CE-404F-AB2F-69532F446808}.Release|Any CPU.ActiveCfg = Release|Any CPU
		{CF600EB6-20CE-404F-AB2F-69532F446808}.Release|Any CPU.Build.0 = Release|Any CPU
		{CF600EB6-20CE-404F-AB2F-69532F446808}.Release|Mixed Platforms.ActiveCfg = Release|Any CPU
		{CF600EB6-20CE-404F-AB2F-69532F446808}.Release|Mixed Platforms.Build.0 = Release|Any CPU
		{CF600EB6-20CE-404F-AB2F-69532F446808}.Release|Win32.ActiveCfg = Release|Any CPU
		{2117D11A-00AA-49CB-9A0B-72DDB24C5848}.Debug|Any CPU.ActiveCfg = Debug|Any CPU
		{2117D11A-00AA-49CB-9A0B-72DDB24C5848}.Debug|Any CPU.Build.0 = Debug|Any CPU
		{2117D11A-00AA-49CB-9A0B-72DDB24C5848}.Debug|Mixed Platforms.ActiveCfg = Debug|Any CPU
		{2117D11A-00AA-49CB-9A0B-72DDB24C5848}.Debug|Mixed Platforms.Build.0 = Debug|Any CPU
		{2117D11A-00AA-49CB-9A0B-72DDB24C5848}.Debug|Win32.ActiveCfg = Debug|Any CPU
		{2117D11A-00AA-49CB-9A0B-72DDB24C5848}.Release|Any CPU.ActiveCfg = Release|Any CPU
		{2117D11A-00AA-49CB-9A0B-72DDB24C5848}.Release|Any CPU.Build.0 = Release|Any CPU
		{2117D11A-00AA-49CB-9A0B-72DDB24C5848}.Release|Mixed Platforms.ActiveCfg = Release|Any CPU
		{2117D11A-00AA-49CB-9A0B-72DDB24C5848}.Release|Mixed Platforms.Build.0 = Release|Any CPU
		{2117D11A-00AA-49CB-9A0B-72DDB24C5848}.Release|Win32.ActiveCfg = Release|Any CPU
		{7B4B8680-EA44-4EF0-8A5C-882519F7255B}.Debug|Any CPU.ActiveCfg = Debug|Any CPU
		{7B4B8680-EA44-4EF0-8A5C-882519F7255B}.Debug|Any CPU.Build.0 = Debug|Any CPU
		{7B4B8680-EA44-4EF0-8A5C-882519F7255B}.Debug|Mixed Platforms.ActiveCfg = Debug|Any CPU
		{7B4B8680-EA44-4EF0-8A5C-882519F7255B}.Debug|Mixed Platforms.Build.0 = Debug|Any CPU
		{7B4B8680-EA44-4EF0-8A5C-882519F7255B}.Debug|Win32.ActiveCfg = Debug|Any CPU
		{7B4B8680-EA44-4EF0-8A5C-882519F7255B}.Release|Any CPU.ActiveCfg = Release|Any CPU
		{7B4B8680-EA44-4EF0-8A5C-882519F7255B}.Release|Any CPU.Build.0 = Release|Any CPU
		{7B4B8680-EA44-4EF0-8A5C-882519F7255B}.Release|Mixed Platforms.ActiveCfg = Release|Any CPU
		{7B4B8680-EA44-4EF0-8A5C-882519F7255B}.Release|Mixed Platforms.Build.0 = Release|Any CPU
		{7B4B8680-EA44-4EF0-8A5C-882519F7255B}.Release|Win32.ActiveCfg = Release|Any CPU
		{046902B1-6FCC-4DF5-BD9F-8FE40C3506CC}.Debug|Any CPU.ActiveCfg = Debug|Any CPU
		{046902B1-6FCC-4DF5-BD9F-8FE40C3506CC}.Debug|Any CPU.Build.0 = Debug|Any CPU
		{046902B1-6FCC-4DF5-BD9F-8FE40C3506CC}.Debug|Mixed Platforms.ActiveCfg = Debug|Any CPU
		{046902B1-6FCC-4DF5-BD9F-8FE40C3506CC}.Debug|Mixed Platforms.Build.0 = Debug|Any CPU
		{046902B1-6FCC-4DF5-BD9F-8FE40C3506CC}.Debug|Win32.ActiveCfg = Debug|Any CPU
		{046902B1-6FCC-4DF5-BD9F-8FE40C3506CC}.Release|Any CPU.ActiveCfg = Release|Any CPU
		{046902B1-6FCC-4DF5-BD9F-8FE40C3506CC}.Release|Any CPU.Build.0 = Release|Any CPU
		{046902B1-6FCC-4DF5-BD9F-8FE40C3506CC}.Release|Mixed Platforms.ActiveCfg = Release|Any CPU
		{046902B1-6FCC-4DF5-BD9F-8FE40C3506CC}.Release|Mixed Platforms.Build.0 = Release|Any CPU
		{046902B1-6FCC-4DF5-BD9F-8FE40C3506CC}.Release|Win32.ActiveCfg = Release|Any CPU
		{92668FA3-CE40-44D1-B760-7CEC2B1440D9}.Debug|Any CPU.ActiveCfg = Debug|Any CPU
		{92668FA3-CE40-44D1-B760-7CEC2B1440D9}.Debug|Any CPU.Build.0 = Debug|Any CPU
		{92668FA3-CE40-44D1-B760-7CEC2B1440D9}.Debug|Mixed Platforms.ActiveCfg = Debug|Any CPU
		{92668FA3-CE40-44D1-B760-7CEC2B1440D9}.Debug|Mixed Platforms.Build.0 = Debug|Any CPU
		{92668FA3-CE40-44D1-B760-7CEC2B1440D9}.Debug|Win32.ActiveCfg = Debug|Any CPU
		{92668FA3-CE40-44D1-B760-7CEC2B1440D9}.Release|Any CPU.ActiveCfg = Release|Any CPU
		{92668FA3-CE40-44D1-B760-7CEC2B1440D9}.Release|Any CPU.Build.0 = Release|Any CPU
		{92668FA3-CE40-44D1-B760-7CEC2B1440D9}.Release|Mixed Platforms.ActiveCfg = Release|Any CPU
		{92668FA3-CE40-44D1-B760-7CEC2B1440D9}.Release|Mixed Platforms.Build.0 = Release|Any CPU
		{92668FA3-CE40-44D1-B760-7CEC2B1440D9}.Release|Win32.ActiveCfg = Release|Any CPU
		{AEFFA75C-B572-4617-B250-9287B9A2451B}.Debug|Any CPU.ActiveCfg = Debug|Any CPU
		{AEFFA75C-B572-4617-B250-9287B9A2451B}.Debug|Any CPU.Build.0 = Debug|Any CPU
		{AEFFA75C-B572-4617-B250-9287B9A2451B}.Debug|Mixed Platforms.ActiveCfg = Debug|Any CPU
		{AEFFA75C-B572-4617-B250-9287B9A2451B}.Debug|Mixed Platforms.Build.0 = Debug|Any CPU
		{AEFFA75C-B572-4617-B250-9287B9A2451B}.Debug|Win32.ActiveCfg = Debug|Any CPU
		{AEFFA75C-B572-4617-B250-9287B9A2451B}.Release|Any CPU.ActiveCfg = Release|Any CPU
		{AEFFA75C-B572-4617-B250-9287B9A2451B}.Release|Any CPU.Build.0 = Release|Any CPU
		{AEFFA75C-B572-4617-B250-9287B9A2451B}.Release|Mixed Platforms.ActiveCfg = Release|Any CPU
		{AEFFA75C-B572-4617-B250-9287B9A2451B}.Release|Mixed Platforms.Build.0 = Release|Any CPU
		{AEFFA75C-B572-4617-B250-9287B9A2451B}.Release|Win32.ActiveCfg = Release|Any CPU
		{6E51913E-646B-467B-A7AA-448A64E109C4}.Debug|Any CPU.ActiveCfg = Debug|Any CPU
		{6E51913E-646B-467B-A7AA-448A64E109C4}.Debug|Any CPU.Build.0 = Debug|Any CPU
		{6E51913E-646B-467B-A7AA-448A64E109C4}.Debug|Mixed Platforms.ActiveCfg = Debug|Any CPU
		{6E51913E-646B-467B-A7AA-448A64E109C4}.Debug|Mixed Platforms.Build.0 = Debug|Any CPU
		{6E51913E-646B-467B-A7AA-448A64E109C4}.Debug|Win32.ActiveCfg = Debug|Any CPU
		{6E51913E-646B-467B-A7AA-448A64E109C4}.Release|Any CPU.ActiveCfg = Release|Any CPU
		{6E51913E-646B-467B-A7AA-448A64E109C4}.Release|Any CPU.Build.0 = Release|Any CPU
		{6E51913E-646B-467B-A7AA-448A64E109C4}.Release|Mixed Platforms.ActiveCfg = Release|Any CPU
		{6E51913E-646B-467B-A7AA-448A64E109C4}.Release|Mixed Platforms.Build.0 = Release|Any CPU
		{6E51913E-646B-467B-A7AA-448A64E109C4}.Release|Win32.ActiveCfg = Release|Any CPU
		{CBE3CA74-A026-4461-BEF8-096177C4C702}.Debug|Any CPU.ActiveCfg = Debug|Any CPU
		{CBE3CA74-A026-4461-BEF8-096177C4C702}.Debug|Any CPU.Build.0 = Debug|Any CPU
		{CBE3CA74-A026-4461-BEF8-096177C4C702}.Debug|Mixed Platforms.ActiveCfg = Debug|Any CPU
		{CBE3CA74-A026-4461-BEF8-096177C4C702}.Debug|Mixed Platforms.Build.0 = Debug|Any CPU
		{CBE3CA74-A026-4461-BEF8-096177C4C702}.Debug|Win32.ActiveCfg = Debug|Any CPU
		{CBE3CA74-A026-4461-BEF8-096177C4C702}.Release|Any CPU.ActiveCfg = Release|Any CPU
		{CBE3CA74-A026-4461-BEF8-096177C4C702}.Release|Any CPU.Build.0 = Release|Any CPU
		{CBE3CA74-A026-4461-BEF8-096177C4C702}.Release|Mixed Platforms.ActiveCfg = Release|Any CPU
		{CBE3CA74-A026-4461-BEF8-096177C4C702}.Release|Mixed Platforms.Build.0 = Release|Any CPU
		{CBE3CA74-A026-4461-BEF8-096177C4C702}.Release|Win32.ActiveCfg = Release|Any CPU
		{59F09DCA-7166-49AA-9043-F34A5EBBB1B0}.Debug|Any CPU.ActiveCfg = Debug|Any CPU
		{59F09DCA-7166-49AA-9043-F34A5EBBB1B0}.Debug|Any CPU.Build.0 = Debug|Any CPU
		{59F09DCA-7166-49AA-9043-F34A5EBBB1B0}.Debug|Mixed Platforms.ActiveCfg = Debug|Any CPU
		{59F09DCA-7166-49AA-9043-F34A5EBBB1B0}.Debug|Mixed Platforms.Build.0 = Debug|Any CPU
		{59F09DCA-7166-49AA-9043-F34A5EBBB1B0}.Debug|Win32.ActiveCfg = Debug|Any CPU
		{59F09DCA-7166-49AA-9043-F34A5EBBB1B0}.Release|Any CPU.ActiveCfg = Release|Any CPU
		{59F09DCA-7166-49AA-9043-F34A5EBBB1B0}.Release|Any CPU.Build.0 = Release|Any CPU
		{59F09DCA-7166-49AA-9043-F34A5EBBB1B0}.Release|Mixed Platforms.ActiveCfg = Release|Any CPU
		{59F09DCA-7166-49AA-9043-F34A5EBBB1B0}.Release|Mixed Platforms.Build.0 = Release|Any CPU
		{59F09DCA-7166-49AA-9043-F34A5EBBB1B0}.Release|Win32.ActiveCfg = Release|Any CPU
		{A29CC9CC-BB5A-452E-AD25-669FBA404C60}.Debug|Any CPU.ActiveCfg = Debug|Any CPU
		{A29CC9CC-BB5A-452E-AD25-669FBA404C60}.Debug|Any CPU.Build.0 = Debug|Any CPU
		{A29CC9CC-BB5A-452E-AD25-669FBA404C60}.Debug|Mixed Platforms.ActiveCfg = Debug|Any CPU
		{A29CC9CC-BB5A-452E-AD25-669FBA404C60}.Debug|Mixed Platforms.Build.0 = Debug|Any CPU
		{A29CC9CC-BB5A-452E-AD25-669FBA404C60}.Debug|Win32.ActiveCfg = Debug|Any CPU
		{A29CC9CC-BB5A-452E-AD25-669FBA404C60}.Release|Any CPU.ActiveCfg = Release|Any CPU
		{A29CC9CC-BB5A-452E-AD25-669FBA404C60}.Release|Any CPU.Build.0 = Release|Any CPU
		{A29CC9CC-BB5A-452E-AD25-669FBA404C60}.Release|Mixed Platforms.ActiveCfg = Release|Any CPU
		{A29CC9CC-BB5A-452E-AD25-669FBA404C60}.Release|Mixed Platforms.Build.0 = Release|Any CPU
		{A29CC9CC-BB5A-452E-AD25-669FBA404C60}.Release|Win32.ActiveCfg = Release|Any CPU
		{5BD18E6F-04B8-40D3-B09A-DB91E9B26317}.Debug|Any CPU.ActiveCfg = Debug|Any CPU
		{5BD18E6F-04B8-40D3-B09A-DB91E9B26317}.Debug|Any CPU.Build.0 = Debug|Any CPU
		{5BD18E6F-04B8-40D3-B09A-DB91E9B26317}.Debug|Mixed Platforms.ActiveCfg = Debug|Any CPU
		{5BD18E6F-04B8-40D3-B09A-DB91E9B26317}.Debug|Mixed Platforms.Build.0 = Debug|Any CPU
		{5BD18E6F-04B8-40D3-B09A-DB91E9B26317}.Debug|Win32.ActiveCfg = Debug|Any CPU
		{5BD18E6F-04B8-40D3-B09A-DB91E9B26317}.Release|Any CPU.ActiveCfg = Release|Any CPU
		{5BD18E6F-04B8-40D3-B09A-DB91E9B26317}.Release|Any CPU.Build.0 = Release|Any CPU
		{5BD18E6F-04B8-40D3-B09A-DB91E9B26317}.Release|Mixed Platforms.ActiveCfg = Release|Any CPU
		{5BD18E6F-04B8-40D3-B09A-DB91E9B26317}.Release|Mixed Platforms.Build.0 = Release|Any CPU
		{5BD18E6F-04B8-40D3-B09A-DB91E9B26317}.Release|Win32.ActiveCfg = Release|Any CPU
		{3E9A4FDB-81ED-4819-9BB8-9C8B793C5DF2}.Debug|Any CPU.ActiveCfg = Debug|Any CPU
		{3E9A4FDB-81ED-4819-9BB8-9C8B793C5DF2}.Debug|Any CPU.Build.0 = Debug|Any CPU
		{3E9A4FDB-81ED-4819-9BB8-9C8B793C5DF2}.Debug|Mixed Platforms.ActiveCfg = Debug|Any CPU
		{3E9A4FDB-81ED-4819-9BB8-9C8B793C5DF2}.Debug|Mixed Platforms.Build.0 = Debug|Any CPU
		{3E9A4FDB-81ED-4819-9BB8-9C8B793C5DF2}.Debug|Win32.ActiveCfg = Debug|Any CPU
		{3E9A4FDB-81ED-4819-9BB8-9C8B793C5DF2}.Release|Any CPU.ActiveCfg = Release|Any CPU
		{3E9A4FDB-81ED-4819-9BB8-9C8B793C5DF2}.Release|Any CPU.Build.0 = Release|Any CPU
		{3E9A4FDB-81ED-4819-9BB8-9C8B793C5DF2}.Release|Mixed Platforms.ActiveCfg = Release|Any CPU
		{3E9A4FDB-81ED-4819-9BB8-9C8B793C5DF2}.Release|Mixed Platforms.Build.0 = Release|Any CPU
		{3E9A4FDB-81ED-4819-9BB8-9C8B793C5DF2}.Release|Win32.ActiveCfg = Release|Any CPU
		{74352252-1679-4368-B067-22C3723B4D90}.Debug|Any CPU.ActiveCfg = Debug|Any CPU
		{74352252-1679-4368-B067-22C3723B4D90}.Debug|Any CPU.Build.0 = Debug|Any CPU
		{74352252-1679-4368-B067-22C3723B4D90}.Debug|Mixed Platforms.ActiveCfg = Debug|Any CPU
		{74352252-1679-4368-B067-22C3723B4D90}.Debug|Mixed Platforms.Build.0 = Debug|Any CPU
		{74352252-1679-4368-B067-22C3723B4D90}.Debug|Win32.ActiveCfg = Debug|Any CPU
		{74352252-1679-4368-B067-22C3723B4D90}.Release|Any CPU.ActiveCfg = Release|Any CPU
		{74352252-1679-4368-B067-22C3723B4D90}.Release|Any CPU.Build.0 = Release|Any CPU
		{74352252-1679-4368-B067-22C3723B4D90}.Release|Mixed Platforms.ActiveCfg = Release|Any CPU
		{74352252-1679-4368-B067-22C3723B4D90}.Release|Mixed Platforms.Build.0 = Release|Any CPU
		{74352252-1679-4368-B067-22C3723B4D90}.Release|Win32.ActiveCfg = Release|Any CPU
		{CB6E91C2-CA68-4A95-8D89-D0430C713D7C}.Debug|Any CPU.ActiveCfg = Debug|Any CPU
		{CB6E91C2-CA68-4A95-8D89-D0430C713D7C}.Debug|Any CPU.Build.0 = Debug|Any CPU
		{CB6E91C2-CA68-4A95-8D89-D0430C713D7C}.Debug|Mixed Platforms.ActiveCfg = Debug|Any CPU
		{CB6E91C2-CA68-4A95-8D89-D0430C713D7C}.Debug|Mixed Platforms.Build.0 = Debug|Any CPU
		{CB6E91C2-CA68-4A95-8D89-D0430C713D7C}.Debug|Win32.ActiveCfg = Debug|Any CPU
		{CB6E91C2-CA68-4A95-8D89-D0430C713D7C}.Release|Any CPU.ActiveCfg = Release|Any CPU
		{CB6E91C2-CA68-4A95-8D89-D0430C713D7C}.Release|Any CPU.Build.0 = Release|Any CPU
		{CB6E91C2-CA68-4A95-8D89-D0430C713D7C}.Release|Mixed Platforms.ActiveCfg = Release|Any CPU
		{CB6E91C2-CA68-4A95-8D89-D0430C713D7C}.Release|Mixed Platforms.Build.0 = Release|Any CPU
		{CB6E91C2-CA68-4A95-8D89-D0430C713D7C}.Release|Win32.ActiveCfg = Release|Any CPU
		{7C970258-8087-45FC-A40B-E99C60A9485B}.Debug|Any CPU.ActiveCfg = Debug|Any CPU
		{7C970258-8087-45FC-A40B-E99C60A9485B}.Debug|Any CPU.Build.0 = Debug|Any CPU
		{7C970258-8087-45FC-A40B-E99C60A9485B}.Debug|Mixed Platforms.ActiveCfg = Debug|Any CPU
		{7C970258-8087-45FC-A40B-E99C60A9485B}.Debug|Mixed Platforms.Build.0 = Debug|Any CPU
		{7C970258-8087-45FC-A40B-E99C60A9485B}.Debug|Win32.ActiveCfg = Debug|Any CPU
		{7C970258-8087-45FC-A40B-E99C60A9485B}.Release|Any CPU.ActiveCfg = Release|Any CPU
		{7C970258-8087-45FC-A40B-E99C60A9485B}.Release|Any CPU.Build.0 = Release|Any CPU
		{7C970258-8087-45FC-A40B-E99C60A9485B}.Release|Mixed Platforms.ActiveCfg = Release|Any CPU
		{7C970258-8087-45FC-A40B-E99C60A9485B}.Release|Mixed Platforms.Build.0 = Release|Any CPU
		{7C970258-8087-45FC-A40B-E99C60A9485B}.Release|Win32.ActiveCfg = Release|Any CPU
		{99D73AC6-52DE-44A9-B755-3CD51F13F94B}.Debug|Any CPU.ActiveCfg = Debug|Any CPU
		{99D73AC6-52DE-44A9-B755-3CD51F13F94B}.Debug|Any CPU.Build.0 = Debug|Any CPU
		{99D73AC6-52DE-44A9-B755-3CD51F13F94B}.Debug|Mixed Platforms.ActiveCfg = Debug|Any CPU
		{99D73AC6-52DE-44A9-B755-3CD51F13F94B}.Debug|Mixed Platforms.Build.0 = Debug|Any CPU
		{99D73AC6-52DE-44A9-B755-3CD51F13F94B}.Debug|Win32.ActiveCfg = Debug|Any CPU
		{99D73AC6-52DE-44A9-B755-3CD51F13F94B}.Release|Any CPU.ActiveCfg = Release|Any CPU
		{99D73AC6-52DE-44A9-B755-3CD51F13F94B}.Release|Any CPU.Build.0 = Release|Any CPU
		{99D73AC6-52DE-44A9-B755-3CD51F13F94B}.Release|Mixed Platforms.ActiveCfg = Release|Any CPU
		{99D73AC6-52DE-44A9-B755-3CD51F13F94B}.Release|Mixed Platforms.Build.0 = Release|Any CPU
		{99D73AC6-52DE-44A9-B755-3CD51F13F94B}.Release|Win32.ActiveCfg = Release|Any CPU
		{2EDBEAA8-7038-493C-8B43-48346995C8FF}.Debug|Any CPU.ActiveCfg = Debug|Any CPU
		{2EDBEAA8-7038-493C-8B43-48346995C8FF}.Debug|Any CPU.Build.0 = Debug|Any CPU
		{2EDBEAA8-7038-493C-8B43-48346995C8FF}.Debug|Mixed Platforms.ActiveCfg = Debug|Any CPU
		{2EDBEAA8-7038-493C-8B43-48346995C8FF}.Debug|Mixed Platforms.Build.0 = Debug|Any CPU
		{2EDBEAA8-7038-493C-8B43-48346995C8FF}.Debug|Win32.ActiveCfg = Debug|Any CPU
		{2EDBEAA8-7038-493C-8B43-48346995C8FF}.Release|Any CPU.ActiveCfg = Release|Any CPU
		{2EDBEAA8-7038-493C-8B43-48346995C8FF}.Release|Any CPU.Build.0 = Release|Any CPU
		{2EDBEAA8-7038-493C-8B43-48346995C8FF}.Release|Mixed Platforms.ActiveCfg = Release|Any CPU
		{2EDBEAA8-7038-493C-8B43-48346995C8FF}.Release|Mixed Platforms.Build.0 = Release|Any CPU
		{2EDBEAA8-7038-493C-8B43-48346995C8FF}.Release|Win32.ActiveCfg = Release|Any CPU
		{92140E08-9D30-4701-AF66-1FFCBD7D04F3}.Debug|Any CPU.ActiveCfg = Debug|Any CPU
		{92140E08-9D30-4701-AF66-1FFCBD7D04F3}.Debug|Any CPU.Build.0 = Debug|Any CPU
		{92140E08-9D30-4701-AF66-1FFCBD7D04F3}.Debug|Mixed Platforms.ActiveCfg = Debug|Any CPU
		{92140E08-9D30-4701-AF66-1FFCBD7D04F3}.Debug|Mixed Platforms.Build.0 = Debug|Any CPU
		{92140E08-9D30-4701-AF66-1FFCBD7D04F3}.Debug|Win32.ActiveCfg = Debug|Any CPU
		{92140E08-9D30-4701-AF66-1FFCBD7D04F3}.Release|Any CPU.ActiveCfg = Release|Any CPU
		{92140E08-9D30-4701-AF66-1FFCBD7D04F3}.Release|Any CPU.Build.0 = Release|Any CPU
		{92140E08-9D30-4701-AF66-1FFCBD7D04F3}.Release|Mixed Platforms.ActiveCfg = Release|Any CPU
		{92140E08-9D30-4701-AF66-1FFCBD7D04F3}.Release|Mixed Platforms.Build.0 = Release|Any CPU
		{92140E08-9D30-4701-AF66-1FFCBD7D04F3}.Release|Win32.ActiveCfg = Release|Any CPU
		{7523F03B-5421-448B-B49F-DC41FB3124E2}.Debug|Any CPU.ActiveCfg = Debug|Any CPU
		{7523F03B-5421-448B-B49F-DC41FB3124E2}.Debug|Any CPU.Build.0 = Debug|Any CPU
		{7523F03B-5421-448B-B49F-DC41FB3124E2}.Debug|Mixed Platforms.ActiveCfg = Debug|Any CPU
		{7523F03B-5421-448B-B49F-DC41FB3124E2}.Debug|Mixed Platforms.Build.0 = Debug|Any CPU
		{7523F03B-5421-448B-B49F-DC41FB3124E2}.Debug|Win32.ActiveCfg = Debug|Any CPU
		{7523F03B-5421-448B-B49F-DC41FB3124E2}.Release|Any CPU.ActiveCfg = Release|Any CPU
		{7523F03B-5421-448B-B49F-DC41FB3124E2}.Release|Any CPU.Build.0 = Release|Any CPU
		{7523F03B-5421-448B-B49F-DC41FB3124E2}.Release|Mixed Platforms.ActiveCfg = Release|Any CPU
		{7523F03B-5421-448B-B49F-DC41FB3124E2}.Release|Mixed Platforms.Build.0 = Release|Any CPU
		{7523F03B-5421-448B-B49F-DC41FB3124E2}.Release|Win32.ActiveCfg = Release|Any CPU
		{98E2FD8A-17B1-4315-B9D4-B636BDF23EE8}.Debug|Any CPU.ActiveCfg = Debug|Any CPU
		{98E2FD8A-17B1-4315-B9D4-B636BDF23EE8}.Debug|Any CPU.Build.0 = Debug|Any CPU
		{98E2FD8A-17B1-4315-B9D4-B636BDF23EE8}.Debug|Mixed Platforms.ActiveCfg = Debug|Any CPU
		{98E2FD8A-17B1-4315-B9D4-B636BDF23EE8}.Debug|Mixed Platforms.Build.0 = Debug|Any CPU
		{98E2FD8A-17B1-4315-B9D4-B636BDF23EE8}.Debug|Win32.ActiveCfg = Debug|Any CPU
		{98E2FD8A-17B1-4315-B9D4-B636BDF23EE8}.Release|Any CPU.ActiveCfg = Release|Any CPU
		{98E2FD8A-17B1-4315-B9D4-B636BDF23EE8}.Release|Any CPU.Build.0 = Release|Any CPU
		{98E2FD8A-17B1-4315-B9D4-B636BDF23EE8}.Release|Mixed Platforms.ActiveCfg = Release|Any CPU
		{98E2FD8A-17B1-4315-B9D4-B636BDF23EE8}.Release|Mixed Platforms.Build.0 = Release|Any CPU
		{98E2FD8A-17B1-4315-B9D4-B636BDF23EE8}.Release|Win32.ActiveCfg = Release|Any CPU
		{BF916794-946F-469A-8448-0EAEC4A5A1E3}.Debug|Any CPU.ActiveCfg = Debug|Any CPU
		{BF916794-946F-469A-8448-0EAEC4A5A1E3}.Debug|Any CPU.Build.0 = Debug|Any CPU
		{BF916794-946F-469A-8448-0EAEC4A5A1E3}.Debug|Mixed Platforms.ActiveCfg = Debug|Any CPU
		{BF916794-946F-469A-8448-0EAEC4A5A1E3}.Debug|Mixed Platforms.Build.0 = Debug|Any CPU
		{BF916794-946F-469A-8448-0EAEC4A5A1E3}.Debug|Win32.ActiveCfg = Debug|Any CPU
		{BF916794-946F-469A-8448-0EAEC4A5A1E3}.Release|Any CPU.ActiveCfg = Release|Any CPU
		{BF916794-946F-469A-8448-0EAEC4A5A1E3}.Release|Any CPU.Build.0 = Release|Any CPU
		{BF916794-946F-469A-8448-0EAEC4A5A1E3}.Release|Mixed Platforms.ActiveCfg = Release|Any CPU
		{BF916794-946F-469A-8448-0EAEC4A5A1E3}.Release|Mixed Platforms.Build.0 = Release|Any CPU
		{BF916794-946F-469A-8448-0EAEC4A5A1E3}.Release|Win32.ActiveCfg = Release|Any CPU
		{BABA0A60-CF08-4CC7-A7E3-9E540EC4556F}.Debug|Any CPU.ActiveCfg = Debug|Any CPU
		{BABA0A60-CF08-4CC7-A7E3-9E540EC4556F}.Debug|Any CPU.Build.0 = Debug|Any CPU
		{BABA0A60-CF08-4CC7-A7E3-9E540EC4556F}.Debug|Mixed Platforms.ActiveCfg = Debug|Any CPU
		{BABA0A60-CF08-4CC7-A7E3-9E540EC4556F}.Debug|Mixed Platforms.Build.0 = Debug|Any CPU
		{BABA0A60-CF08-4CC7-A7E3-9E540EC4556F}.Debug|Win32.ActiveCfg = Debug|Any CPU
		{BABA0A60-CF08-4CC7-A7E3-9E540EC4556F}.Release|Any CPU.ActiveCfg = Release|Any CPU
		{BABA0A60-CF08-4CC7-A7E3-9E540EC4556F}.Release|Any CPU.Build.0 = Release|Any CPU
		{BABA0A60-CF08-4CC7-A7E3-9E540EC4556F}.Release|Mixed Platforms.ActiveCfg = Release|Any CPU
		{BABA0A60-CF08-4CC7-A7E3-9E540EC4556F}.Release|Mixed Platforms.Build.0 = Release|Any CPU
		{BABA0A60-CF08-4CC7-A7E3-9E540EC4556F}.Release|Win32.ActiveCfg = Release|Any CPU
		{F82D95D4-C039-4EA2-A86D-8BD21843D89F}.Debug|Any CPU.ActiveCfg = Debug|Any CPU
		{F82D95D4-C039-4EA2-A86D-8BD21843D89F}.Debug|Any CPU.Build.0 = Debug|Any CPU
		{F82D95D4-C039-4EA2-A86D-8BD21843D89F}.Debug|Mixed Platforms.ActiveCfg = Debug|Any CPU
		{F82D95D4-C039-4EA2-A86D-8BD21843D89F}.Debug|Mixed Platforms.Build.0 = Debug|Any CPU
		{F82D95D4-C039-4EA2-A86D-8BD21843D89F}.Debug|Win32.ActiveCfg = Debug|Any CPU
		{F82D95D4-C039-4EA2-A86D-8BD21843D89F}.Release|Any CPU.ActiveCfg = Release|Any CPU
		{F82D95D4-C039-4EA2-A86D-8BD21843D89F}.Release|Any CPU.Build.0 = Release|Any CPU
		{F82D95D4-C039-4EA2-A86D-8BD21843D89F}.Release|Mixed Platforms.ActiveCfg = Release|Any CPU
		{F82D95D4-C039-4EA2-A86D-8BD21843D89F}.Release|Mixed Platforms.Build.0 = Release|Any CPU
		{F82D95D4-C039-4EA2-A86D-8BD21843D89F}.Release|Win32.ActiveCfg = Release|Any CPU
		{5B4E38A4-A917-4549-AAE3-45BFA68B17FB}.Debug|Any CPU.ActiveCfg = Debug|Any CPU
		{5B4E38A4-A917-4549-AAE3-45BFA68B17FB}.Debug|Any CPU.Build.0 = Debug|Any CPU
		{5B4E38A4-A917-4549-AAE3-45BFA68B17FB}.Debug|Mixed Platforms.ActiveCfg = Debug|Any CPU
		{5B4E38A4-A917-4549-AAE3-45BFA68B17FB}.Debug|Mixed Platforms.Build.0 = Debug|Any CPU
		{5B4E38A4-A917-4549-AAE3-45BFA68B17FB}.Debug|Win32.ActiveCfg = Debug|Any CPU
		{5B4E38A4-A917-4549-AAE3-45BFA68B17FB}.Release|Any CPU.ActiveCfg = Release|Any CPU
		{5B4E38A4-A917-4549-AAE3-45BFA68B17FB}.Release|Any CPU.Build.0 = Release|Any CPU
		{5B4E38A4-A917-4549-AAE3-45BFA68B17FB}.Release|Mixed Platforms.ActiveCfg = Release|Any CPU
		{5B4E38A4-A917-4549-AAE3-45BFA68B17FB}.Release|Mixed Platforms.Build.0 = Release|Any CPU
		{5B4E38A4-A917-4549-AAE3-45BFA68B17FB}.Release|Win32.ActiveCfg = Release|Any CPU
		{7C8AECA0-11E8-48AF-8EF3-ADDA793529C2}.Debug|Any CPU.ActiveCfg = Debug|Any CPU
		{7C8AECA0-11E8-48AF-8EF3-ADDA793529C2}.Debug|Any CPU.Build.0 = Debug|Any CPU
		{7C8AECA0-11E8-48AF-8EF3-ADDA793529C2}.Debug|Mixed Platforms.ActiveCfg = Debug|Any CPU
		{7C8AECA0-11E8-48AF-8EF3-ADDA793529C2}.Debug|Mixed Platforms.Build.0 = Debug|Any CPU
		{7C8AECA0-11E8-48AF-8EF3-ADDA793529C2}.Debug|Win32.ActiveCfg = Debug|Any CPU
		{7C8AECA0-11E8-48AF-8EF3-ADDA793529C2}.Release|Any CPU.ActiveCfg = Release|Any CPU
		{7C8AECA0-11E8-48AF-8EF3-ADDA793529C2}.Release|Any CPU.Build.0 = Release|Any CPU
		{7C8AECA0-11E8-48AF-8EF3-ADDA793529C2}.Release|Mixed Platforms.ActiveCfg = Release|Any CPU
		{7C8AECA0-11E8-48AF-8EF3-ADDA793529C2}.Release|Mixed Platforms.Build.0 = Release|Any CPU
		{7C8AECA0-11E8-48AF-8EF3-ADDA793529C2}.Release|Win32.ActiveCfg = Release|Any CPU
		{232267BE-1F23-4A81-8DE7-00BD5108F8EB}.Debug|Any CPU.ActiveCfg = Debug|Any CPU
		{232267BE-1F23-4A81-8DE7-00BD5108F8EB}.Debug|Any CPU.Build.0 = Debug|Any CPU
		{232267BE-1F23-4A81-8DE7-00BD5108F8EB}.Debug|Mixed Platforms.ActiveCfg = Debug|Any CPU
		{232267BE-1F23-4A81-8DE7-00BD5108F8EB}.Debug|Mixed Platforms.Build.0 = Debug|Any CPU
		{232267BE-1F23-4A81-8DE7-00BD5108F8EB}.Debug|Win32.ActiveCfg = Debug|Any CPU
		{232267BE-1F23-4A81-8DE7-00BD5108F8EB}.Release|Any CPU.ActiveCfg = Release|Any CPU
		{232267BE-1F23-4A81-8DE7-00BD5108F8EB}.Release|Any CPU.Build.0 = Release|Any CPU
		{232267BE-1F23-4A81-8DE7-00BD5108F8EB}.Release|Mixed Platforms.ActiveCfg = Release|Any CPU
		{232267BE-1F23-4A81-8DE7-00BD5108F8EB}.Release|Mixed Platforms.Build.0 = Release|Any CPU
		{232267BE-1F23-4A81-8DE7-00BD5108F8EB}.Release|Win32.ActiveCfg = Release|Any CPU
		{8D8C2F07-A3F1-48EC-B791-C513884BE18A}.Debug|Any CPU.ActiveCfg = Debug|Any CPU
		{8D8C2F07-A3F1-48EC-B791-C513884BE18A}.Debug|Any CPU.Build.0 = Debug|Any CPU
		{8D8C2F07-A3F1-48EC-B791-C513884BE18A}.Debug|Mixed Platforms.ActiveCfg = Debug|Any CPU
		{8D8C2F07-A3F1-48EC-B791-C513884BE18A}.Debug|Mixed Platforms.Build.0 = Debug|Any CPU
		{8D8C2F07-A3F1-48EC-B791-C513884BE18A}.Debug|Win32.ActiveCfg = Debug|Any CPU
		{8D8C2F07-A3F1-48EC-B791-C513884BE18A}.Release|Any CPU.ActiveCfg = Release|Any CPU
		{8D8C2F07-A3F1-48EC-B791-C513884BE18A}.Release|Any CPU.Build.0 = Release|Any CPU
		{8D8C2F07-A3F1-48EC-B791-C513884BE18A}.Release|Mixed Platforms.ActiveCfg = Release|Any CPU
		{8D8C2F07-A3F1-48EC-B791-C513884BE18A}.Release|Mixed Platforms.Build.0 = Release|Any CPU
		{8D8C2F07-A3F1-48EC-B791-C513884BE18A}.Release|Win32.ActiveCfg = Release|Any CPU
		{4BBB7007-2C54-4742-BC50-3B3631DDC239}.Debug|Any CPU.ActiveCfg = Debug|Any CPU
		{4BBB7007-2C54-4742-BC50-3B3631DDC239}.Debug|Any CPU.Build.0 = Debug|Any CPU
		{4BBB7007-2C54-4742-BC50-3B3631DDC239}.Debug|Mixed Platforms.ActiveCfg = Debug|Any CPU
		{4BBB7007-2C54-4742-BC50-3B3631DDC239}.Debug|Mixed Platforms.Build.0 = Debug|Any CPU
		{4BBB7007-2C54-4742-BC50-3B3631DDC239}.Debug|Win32.ActiveCfg = Debug|Any CPU
		{4BBB7007-2C54-4742-BC50-3B3631DDC239}.Release|Any CPU.ActiveCfg = Release|Any CPU
		{4BBB7007-2C54-4742-BC50-3B3631DDC239}.Release|Any CPU.Build.0 = Release|Any CPU
		{4BBB7007-2C54-4742-BC50-3B3631DDC239}.Release|Mixed Platforms.ActiveCfg = Release|Any CPU
		{4BBB7007-2C54-4742-BC50-3B3631DDC239}.Release|Mixed Platforms.Build.0 = Release|Any CPU
		{4BBB7007-2C54-4742-BC50-3B3631DDC239}.Release|Win32.ActiveCfg = Release|Any CPU
		{0F60D1F4-DF0E-4D25-B052-D9E130F74DA0}.Debug|Any CPU.ActiveCfg = Debug|Any CPU
		{0F60D1F4-DF0E-4D25-B052-D9E130F74DA0}.Debug|Any CPU.Build.0 = Debug|Any CPU
		{0F60D1F4-DF0E-4D25-B052-D9E130F74DA0}.Debug|Mixed Platforms.ActiveCfg = Debug|Any CPU
		{0F60D1F4-DF0E-4D25-B052-D9E130F74DA0}.Debug|Mixed Platforms.Build.0 = Debug|Any CPU
		{0F60D1F4-DF0E-4D25-B052-D9E130F74DA0}.Debug|Win32.ActiveCfg = Debug|Any CPU
		{0F60D1F4-DF0E-4D25-B052-D9E130F74DA0}.Release|Any CPU.ActiveCfg = Release|Any CPU
		{0F60D1F4-DF0E-4D25-B052-D9E130F74DA0}.Release|Any CPU.Build.0 = Release|Any CPU
		{0F60D1F4-DF0E-4D25-B052-D9E130F74DA0}.Release|Mixed Platforms.ActiveCfg = Release|Any CPU
		{0F60D1F4-DF0E-4D25-B052-D9E130F74DA0}.Release|Mixed Platforms.Build.0 = Release|Any CPU
		{0F60D1F4-DF0E-4D25-B052-D9E130F74DA0}.Release|Win32.ActiveCfg = Release|Any CPU
		{9BAE8971-2CE1-49D3-850C-7578F0B2AFD6}.Debug|Any CPU.ActiveCfg = Debug|Any CPU
		{9BAE8971-2CE1-49D3-850C-7578F0B2AFD6}.Debug|Any CPU.Build.0 = Debug|Any CPU
		{9BAE8971-2CE1-49D3-850C-7578F0B2AFD6}.Debug|Mixed Platforms.ActiveCfg = Debug|Any CPU
		{9BAE8971-2CE1-49D3-850C-7578F0B2AFD6}.Debug|Mixed Platforms.Build.0 = Debug|Any CPU
		{9BAE8971-2CE1-49D3-850C-7578F0B2AFD6}.Debug|Win32.ActiveCfg = Debug|Any CPU
		{9BAE8971-2CE1-49D3-850C-7578F0B2AFD6}.Release|Any CPU.ActiveCfg = Release|Any CPU
		{9BAE8971-2CE1-49D3-850C-7578F0B2AFD6}.Release|Any CPU.Build.0 = Release|Any CPU
		{9BAE8971-2CE1-49D3-850C-7578F0B2AFD6}.Release|Mixed Platforms.ActiveCfg = Release|Any CPU
		{9BAE8971-2CE1-49D3-850C-7578F0B2AFD6}.Release|Mixed Platforms.Build.0 = Release|Any CPU
		{9BAE8971-2CE1-49D3-850C-7578F0B2AFD6}.Release|Win32.ActiveCfg = Release|Any CPU
		{95CA600C-0A2D-4FF1-849C-9A2848501693}.Debug|Any CPU.ActiveCfg = Debug|Any CPU
		{95CA600C-0A2D-4FF1-849C-9A2848501693}.Debug|Any CPU.Build.0 = Debug|Any CPU
		{95CA600C-0A2D-4FF1-849C-9A2848501693}.Debug|Mixed Platforms.ActiveCfg = Debug|Any CPU
		{95CA600C-0A2D-4FF1-849C-9A2848501693}.Debug|Mixed Platforms.Build.0 = Debug|Any CPU
		{95CA600C-0A2D-4FF1-849C-9A2848501693}.Debug|Win32.ActiveCfg = Debug|Any CPU
		{95CA600C-0A2D-4FF1-849C-9A2848501693}.Release|Any CPU.ActiveCfg = Release|Any CPU
		{95CA600C-0A2D-4FF1-849C-9A2848501693}.Release|Any CPU.Build.0 = Release|Any CPU
		{95CA600C-0A2D-4FF1-849C-9A2848501693}.Release|Mixed Platforms.ActiveCfg = Release|Any CPU
		{95CA600C-0A2D-4FF1-849C-9A2848501693}.Release|Mixed Platforms.Build.0 = Release|Any CPU
		{95CA600C-0A2D-4FF1-849C-9A2848501693}.Release|Win32.ActiveCfg = Release|Any CPU
		{C9D856E7-B701-4ECE-A065-C5C8767744B6}.Debug|Any CPU.ActiveCfg = Debug|Any CPU
		{C9D856E7-B701-4ECE-A065-C5C8767744B6}.Debug|Any CPU.Build.0 = Debug|Any CPU
		{C9D856E7-B701-4ECE-A065-C5C8767744B6}.Debug|Mixed Platforms.ActiveCfg = Debug|Any CPU
		{C9D856E7-B701-4ECE-A065-C5C8767744B6}.Debug|Mixed Platforms.Build.0 = Debug|Any CPU
		{C9D856E7-B701-4ECE-A065-C5C8767744B6}.Debug|Win32.ActiveCfg = Debug|Any CPU
		{C9D856E7-B701-4ECE-A065-C5C8767744B6}.Release|Any CPU.ActiveCfg = Release|Any CPU
		{C9D856E7-B701-4ECE-A065-C5C8767744B6}.Release|Any CPU.Build.0 = Release|Any CPU
		{C9D856E7-B701-4ECE-A065-C5C8767744B6}.Release|Mixed Platforms.ActiveCfg = Release|Any CPU
		{C9D856E7-B701-4ECE-A065-C5C8767744B6}.Release|Mixed Platforms.Build.0 = Release|Any CPU
		{C9D856E7-B701-4ECE-A065-C5C8767744B6}.Release|Win32.ActiveCfg = Release|Any CPU
		{7E805C16-E891-4174-BC25-796386349F4A}.Debug|Any CPU.ActiveCfg = Debug|Any CPU
		{7E805C16-E891-4174-BC25-796386349F4A}.Debug|Any CPU.Build.0 = Debug|Any CPU
		{7E805C16-E891-4174-BC25-796386349F4A}.Debug|Mixed Platforms.ActiveCfg = Debug|Any CPU
		{7E805C16-E891-4174-BC25-796386349F4A}.Debug|Mixed Platforms.Build.0 = Debug|Any CPU
		{7E805C16-E891-4174-BC25-796386349F4A}.Debug|Win32.ActiveCfg = Debug|Any CPU
		{7E805C16-E891-4174-BC25-796386349F4A}.Release|Any CPU.ActiveCfg = Release|Any CPU
		{7E805C16-E891-4174-BC25-796386349F4A}.Release|Any CPU.Build.0 = Release|Any CPU
		{7E805C16-E891-4174-BC25-796386349F4A}.Release|Mixed Platforms.ActiveCfg = Release|Any CPU
		{7E805C16-E891-4174-BC25-796386349F4A}.Release|Mixed Platforms.Build.0 = Release|Any CPU
		{7E805C16-E891-4174-BC25-796386349F4A}.Release|Win32.ActiveCfg = Release|Any CPU
		{3C303D9E-C926-40ED-A9C5-2311F7FE9D7E}.Debug|Any CPU.ActiveCfg = Debug|Any CPU
		{3C303D9E-C926-40ED-A9C5-2311F7FE9D7E}.Debug|Any CPU.Build.0 = Debug|Any CPU
		{3C303D9E-C926-40ED-A9C5-2311F7FE9D7E}.Debug|Mixed Platforms.ActiveCfg = Debug|Any CPU
		{3C303D9E-C926-40ED-A9C5-2311F7FE9D7E}.Debug|Mixed Platforms.Build.0 = Debug|Any CPU
		{3C303D9E-C926-40ED-A9C5-2311F7FE9D7E}.Debug|Win32.ActiveCfg = Debug|Any CPU
		{3C303D9E-C926-40ED-A9C5-2311F7FE9D7E}.Release|Any CPU.ActiveCfg = Release|Any CPU
		{3C303D9E-C926-40ED-A9C5-2311F7FE9D7E}.Release|Any CPU.Build.0 = Release|Any CPU
		{3C303D9E-C926-40ED-A9C5-2311F7FE9D7E}.Release|Mixed Platforms.ActiveCfg = Release|Any CPU
		{3C303D9E-C926-40ED-A9C5-2311F7FE9D7E}.Release|Mixed Platforms.Build.0 = Release|Any CPU
		{3C303D9E-C926-40ED-A9C5-2311F7FE9D7E}.Release|Win32.ActiveCfg = Release|Any CPU
		{2DBF94D1-4C60-4C4A-B088-4B95C557D9DB}.Debug|Any CPU.ActiveCfg = Debug|Any CPU
		{2DBF94D1-4C60-4C4A-B088-4B95C557D9DB}.Debug|Any CPU.Build.0 = Debug|Any CPU
		{2DBF94D1-4C60-4C4A-B088-4B95C557D9DB}.Debug|Mixed Platforms.ActiveCfg = Debug|Any CPU
		{2DBF94D1-4C60-4C4A-B088-4B95C557D9DB}.Debug|Mixed Platforms.Build.0 = Debug|Any CPU
		{2DBF94D1-4C60-4C4A-B088-4B95C557D9DB}.Debug|Win32.ActiveCfg = Debug|Any CPU
		{2DBF94D1-4C60-4C4A-B088-4B95C557D9DB}.Release|Any CPU.ActiveCfg = Release|Any CPU
		{2DBF94D1-4C60-4C4A-B088-4B95C557D9DB}.Release|Any CPU.Build.0 = Release|Any CPU
		{2DBF94D1-4C60-4C4A-B088-4B95C557D9DB}.Release|Mixed Platforms.ActiveCfg = Release|Any CPU
		{2DBF94D1-4C60-4C4A-B088-4B95C557D9DB}.Release|Mixed Platforms.Build.0 = Release|Any CPU
		{2DBF94D1-4C60-4C4A-B088-4B95C557D9DB}.Release|Win32.ActiveCfg = Release|Any CPU
		{22BAE3E0-AF69-48B2-85B1-925ADE3F1384}.Debug|Any CPU.ActiveCfg = Debug|Any CPU
		{22BAE3E0-AF69-48B2-85B1-925ADE3F1384}.Debug|Any CPU.Build.0 = Debug|Any CPU
		{22BAE3E0-AF69-48B2-85B1-925ADE3F1384}.Debug|Mixed Platforms.ActiveCfg = Debug|Any CPU
		{22BAE3E0-AF69-48B2-85B1-925ADE3F1384}.Debug|Mixed Platforms.Build.0 = Debug|Any CPU
		{22BAE3E0-AF69-48B2-85B1-925ADE3F1384}.Debug|Win32.ActiveCfg = Debug|Any CPU
		{22BAE3E0-AF69-48B2-85B1-925ADE3F1384}.Release|Any CPU.ActiveCfg = Release|Any CPU
		{22BAE3E0-AF69-48B2-85B1-925ADE3F1384}.Release|Any CPU.Build.0 = Release|Any CPU
		{22BAE3E0-AF69-48B2-85B1-925ADE3F1384}.Release|Mixed Platforms.ActiveCfg = Release|Any CPU
		{22BAE3E0-AF69-48B2-85B1-925ADE3F1384}.Release|Mixed Platforms.Build.0 = Release|Any CPU
		{22BAE3E0-AF69-48B2-85B1-925ADE3F1384}.Release|Win32.ActiveCfg = Release|Any CPU
		{E10AD93C-C076-4E81-9B36-254F5D084EA4}.Debug|Any CPU.ActiveCfg = Debug|Any CPU
		{E10AD93C-C076-4E81-9B36-254F5D084EA4}.Debug|Any CPU.Build.0 = Debug|Any CPU
		{E10AD93C-C076-4E81-9B36-254F5D084EA4}.Debug|Mixed Platforms.ActiveCfg = Debug|Any CPU
		{E10AD93C-C076-4E81-9B36-254F5D084EA4}.Debug|Mixed Platforms.Build.0 = Debug|Any CPU
		{E10AD93C-C076-4E81-9B36-254F5D084EA4}.Debug|Win32.ActiveCfg = Debug|Any CPU
		{E10AD93C-C076-4E81-9B36-254F5D084EA4}.Release|Any CPU.ActiveCfg = Release|Any CPU
		{E10AD93C-C076-4E81-9B36-254F5D084EA4}.Release|Any CPU.Build.0 = Release|Any CPU
		{E10AD93C-C076-4E81-9B36-254F5D084EA4}.Release|Mixed Platforms.ActiveCfg = Release|Any CPU
		{E10AD93C-C076-4E81-9B36-254F5D084EA4}.Release|Mixed Platforms.Build.0 = Release|Any CPU
		{E10AD93C-C076-4E81-9B36-254F5D084EA4}.Release|Win32.ActiveCfg = Release|Any CPU
		{BE128558-8A46-483A-A95E-9A7F39FBD122}.Debug|Any CPU.ActiveCfg = Debug|Any CPU
		{BE128558-8A46-483A-A95E-9A7F39FBD122}.Debug|Any CPU.Build.0 = Debug|Any CPU
		{BE128558-8A46-483A-A95E-9A7F39FBD122}.Debug|Mixed Platforms.ActiveCfg = Debug|Any CPU
		{BE128558-8A46-483A-A95E-9A7F39FBD122}.Debug|Mixed Platforms.Build.0 = Debug|Any CPU
		{BE128558-8A46-483A-A95E-9A7F39FBD122}.Debug|Win32.ActiveCfg = Debug|Any CPU
		{BE128558-8A46-483A-A95E-9A7F39FBD122}.Release|Any CPU.ActiveCfg = Release|Any CPU
		{BE128558-8A46-483A-A95E-9A7F39FBD122}.Release|Any CPU.Build.0 = Release|Any CPU
		{BE128558-8A46-483A-A95E-9A7F39FBD122}.Release|Mixed Platforms.ActiveCfg = Release|Any CPU
		{BE128558-8A46-483A-A95E-9A7F39FBD122}.Release|Mixed Platforms.Build.0 = Release|Any CPU
		{BE128558-8A46-483A-A95E-9A7F39FBD122}.Release|Win32.ActiveCfg = Release|Any CPU
		{76E4EA58-73E0-4B42-8E5F-D5C6FB07A7B2}.Debug|Any CPU.ActiveCfg = Debug|Any CPU
		{76E4EA58-73E0-4B42-8E5F-D5C6FB07A7B2}.Debug|Any CPU.Build.0 = Debug|Any CPU
		{76E4EA58-73E0-4B42-8E5F-D5C6FB07A7B2}.Debug|Mixed Platforms.ActiveCfg = Debug|Any CPU
		{76E4EA58-73E0-4B42-8E5F-D5C6FB07A7B2}.Debug|Mixed Platforms.Build.0 = Debug|Any CPU
		{76E4EA58-73E0-4B42-8E5F-D5C6FB07A7B2}.Debug|Win32.ActiveCfg = Debug|Any CPU
		{76E4EA58-73E0-4B42-8E5F-D5C6FB07A7B2}.Release|Any CPU.ActiveCfg = Release|Any CPU
		{76E4EA58-73E0-4B42-8E5F-D5C6FB07A7B2}.Release|Any CPU.Build.0 = Release|Any CPU
		{76E4EA58-73E0-4B42-8E5F-D5C6FB07A7B2}.Release|Mixed Platforms.ActiveCfg = Release|Any CPU
		{76E4EA58-73E0-4B42-8E5F-D5C6FB07A7B2}.Release|Mixed Platforms.Build.0 = Release|Any CPU
		{76E4EA58-73E0-4B42-8E5F-D5C6FB07A7B2}.Release|Win32.ActiveCfg = Release|Any CPU
		{72604A3B-7DDF-4B15-A6BC-4CA0AB7A26B2}.Debug|Any CPU.ActiveCfg = Debug|Any CPU
		{72604A3B-7DDF-4B15-A6BC-4CA0AB7A26B2}.Debug|Any CPU.Build.0 = Debug|Any CPU
		{72604A3B-7DDF-4B15-A6BC-4CA0AB7A26B2}.Debug|Mixed Platforms.ActiveCfg = Debug|Any CPU
		{72604A3B-7DDF-4B15-A6BC-4CA0AB7A26B2}.Debug|Mixed Platforms.Build.0 = Debug|Any CPU
		{72604A3B-7DDF-4B15-A6BC-4CA0AB7A26B2}.Debug|Win32.ActiveCfg = Debug|Any CPU
		{72604A3B-7DDF-4B15-A6BC-4CA0AB7A26B2}.Release|Any CPU.ActiveCfg = Release|Any CPU
		{72604A3B-7DDF-4B15-A6BC-4CA0AB7A26B2}.Release|Any CPU.Build.0 = Release|Any CPU
		{72604A3B-7DDF-4B15-A6BC-4CA0AB7A26B2}.Release|Mixed Platforms.ActiveCfg = Release|Any CPU
		{72604A3B-7DDF-4B15-A6BC-4CA0AB7A26B2}.Release|Mixed Platforms.Build.0 = Release|Any CPU
		{72604A3B-7DDF-4B15-A6BC-4CA0AB7A26B2}.Release|Win32.ActiveCfg = Release|Any CPU
		{3D9EC57A-4418-48E5-ACFD-392681568A50}.Debug|Any CPU.ActiveCfg = Debug|Any CPU
		{3D9EC57A-4418-48E5-ACFD-392681568A50}.Debug|Any CPU.Build.0 = Debug|Any CPU
		{3D9EC57A-4418-48E5-ACFD-392681568A50}.Debug|Mixed Platforms.ActiveCfg = Debug|Any CPU
		{3D9EC57A-4418-48E5-ACFD-392681568A50}.Debug|Mixed Platforms.Build.0 = Debug|Any CPU
		{3D9EC57A-4418-48E5-ACFD-392681568A50}.Debug|Win32.ActiveCfg = Debug|Any CPU
		{3D9EC57A-4418-48E5-ACFD-392681568A50}.Release|Any CPU.ActiveCfg = Release|Any CPU
		{3D9EC57A-4418-48E5-ACFD-392681568A50}.Release|Any CPU.Build.0 = Release|Any CPU
		{3D9EC57A-4418-48E5-ACFD-392681568A50}.Release|Mixed Platforms.ActiveCfg = Release|Any CPU
		{3D9EC57A-4418-48E5-ACFD-392681568A50}.Release|Mixed Platforms.Build.0 = Release|Any CPU
		{3D9EC57A-4418-48E5-ACFD-392681568A50}.Release|Win32.ActiveCfg = Release|Any CPU
	EndGlobalSection
	GlobalSection(SolutionProperties) = preSolution
		HideSolutionNode = FALSE
	EndGlobalSection
	GlobalSection(NestedProjects) = preSolution
		{FB1388CB-C2C1-4EDD-B02D-4E4501CD65B2} = {7DEA54F4-14A2-4170-85B9-CF261F1960CC}
		{6F7FAF31-B7D2-4BCF-A14B-8B6756C7F4D6} = {7DEA54F4-14A2-4170-85B9-CF261F1960CC}
		{00406870-C731-420C-BF8A-E522B6DF8C5E} = {7DEA54F4-14A2-4170-85B9-CF261F1960CC}
		{06516B84-0885-47A9-B202-E3F549A3D531} = {7DEA54F4-14A2-4170-85B9-CF261F1960CC}
		{486EE279-252F-44E4-90A0-9196912E7B8B} = {7DEA54F4-14A2-4170-85B9-CF261F1960CC}
		{92266BCE-5D0D-43D1-92D9-023C5CB3DAEF} = {7DEA54F4-14A2-4170-85B9-CF261F1960CC}
		{E8FCA8DA-A747-4594-9DC9-B9CDA7C9EF40} = {7DEA54F4-14A2-4170-85B9-CF261F1960CC}
		{028CE9CB-D297-42AE-827C-953BA1F6812C} = {7DEA54F4-14A2-4170-85B9-CF261F1960CC}
		{CF600EB6-20CE-404F-AB2F-69532F446808} = {7DEA54F4-14A2-4170-85B9-CF261F1960CC}
		{2117D11A-00AA-49CB-9A0B-72DDB24C5848} = {7DEA54F4-14A2-4170-85B9-CF261F1960CC}
		{7B4B8680-EA44-4EF0-8A5C-882519F7255B} = {7DEA54F4-14A2-4170-85B9-CF261F1960CC}
		{046902B1-6FCC-4DF5-BD9F-8FE40C3506CC} = {7DEA54F4-14A2-4170-85B9-CF261F1960CC}
		{92668FA3-CE40-44D1-B760-7CEC2B1440D9} = {7DEA54F4-14A2-4170-85B9-CF261F1960CC}
		{AEFFA75C-B572-4617-B250-9287B9A2451B} = {7DEA54F4-14A2-4170-85B9-CF261F1960CC}
		{6E51913E-646B-467B-A7AA-448A64E109C4} = {7DEA54F4-14A2-4170-85B9-CF261F1960CC}
		{CBE3CA74-A026-4461-BEF8-096177C4C702} = {7DEA54F4-14A2-4170-85B9-CF261F1960CC}
		{59F09DCA-7166-49AA-9043-F34A5EBBB1B0} = {7DEA54F4-14A2-4170-85B9-CF261F1960CC}
		{A29CC9CC-BB5A-452E-AD25-669FBA404C60} = {7DEA54F4-14A2-4170-85B9-CF261F1960CC}
		{5BD18E6F-04B8-40D3-B09A-DB91E9B26317} = {7DEA54F4-14A2-4170-85B9-CF261F1960CC}
		{3E9A4FDB-81ED-4819-9BB8-9C8B793C5DF2} = {7DEA54F4-14A2-4170-85B9-CF261F1960CC}
		{74352252-1679-4368-B067-22C3723B4D90} = {7DEA54F4-14A2-4170-85B9-CF261F1960CC}
		{CB6E91C2-CA68-4A95-8D89-D0430C713D7C} = {7DEA54F4-14A2-4170-85B9-CF261F1960CC}
		{7C970258-8087-45FC-A40B-E99C60A9485B} = {7DEA54F4-14A2-4170-85B9-CF261F1960CC}
		{99D73AC6-52DE-44A9-B755-3CD51F13F94B} = {7DEA54F4-14A2-4170-85B9-CF261F1960CC}
		{2EDBEAA8-7038-493C-8B43-48346995C8FF} = {7DEA54F4-14A2-4170-85B9-CF261F1960CC}
		{92140E08-9D30-4701-AF66-1FFCBD7D04F3} = {7DEA54F4-14A2-4170-85B9-CF261F1960CC}
		{7523F03B-5421-448B-B49F-DC41FB3124E2} = {8B96BCE9-B118-4DEB-8BEB-55799EE26BAE}
		{98E2FD8A-17B1-4315-B9D4-B636BDF23EE8} = {8B96BCE9-B118-4DEB-8BEB-55799EE26BAE}
		{BF916794-946F-469A-8448-0EAEC4A5A1E3} = {8B96BCE9-B118-4DEB-8BEB-55799EE26BAE}
		{BABA0A60-CF08-4CC7-A7E3-9E540EC4556F} = {8B96BCE9-B118-4DEB-8BEB-55799EE26BAE}
		{F82D95D4-C039-4EA2-A86D-8BD21843D89F} = {8B96BCE9-B118-4DEB-8BEB-55799EE26BAE}
		{5B4E38A4-A917-4549-AAE3-45BFA68B17FB} = {8B96BCE9-B118-4DEB-8BEB-55799EE26BAE}
		{7C8AECA0-11E8-48AF-8EF3-ADDA793529C2} = {8B96BCE9-B118-4DEB-8BEB-55799EE26BAE}
		{232267BE-1F23-4A81-8DE7-00BD5108F8EB} = {8B96BCE9-B118-4DEB-8BEB-55799EE26BAE}
		{8D8C2F07-A3F1-48EC-B791-C513884BE18A} = {8B96BCE9-B118-4DEB-8BEB-55799EE26BAE}
		{4BBB7007-2C54-4742-BC50-3B3631DDC239} = {8B96BCE9-B118-4DEB-8BEB-55799EE26BAE}
		{0F60D1F4-DF0E-4D25-B052-D9E130F74DA0} = {8B96BCE9-B118-4DEB-8BEB-55799EE26BAE}
		{9BAE8971-2CE1-49D3-850C-7578F0B2AFD6} = {8B96BCE9-B118-4DEB-8BEB-55799EE26BAE}
		{95CA600C-0A2D-4FF1-849C-9A2848501693} = {8B96BCE9-B118-4DEB-8BEB-55799EE26BAE}
		{C9D856E7-B701-4ECE-A065-C5C8767744B6} = {8B96BCE9-B118-4DEB-8BEB-55799EE26BAE}
		{7E805C16-E891-4174-BC25-796386349F4A} = {8B96BCE9-B118-4DEB-8BEB-55799EE26BAE}
		{3C303D9E-C926-40ED-A9C5-2311F7FE9D7E} = {8B96BCE9-B118-4DEB-8BEB-55799EE26BAE}
		{2DBF94D1-4C60-4C4A-B088-4B95C557D9DB} = {8B96BCE9-B118-4DEB-8BEB-55799EE26BAE}
		{22BAE3E0-AF69-48B2-85B1-925ADE3F1384} = {8B96BCE9-B118-4DEB-8BEB-55799EE26BAE}
		{E10AD93C-C076-4E81-9B36-254F5D084EA4} = {8B96BCE9-B118-4DEB-8BEB-55799EE26BAE}
		{BE128558-8A46-483A-A95E-9A7F39FBD122} = {8B96BCE9-B118-4DEB-8BEB-55799EE26BAE}
		{76E4EA58-73E0-4B42-8E5F-D5C6FB07A7B2} = {8B96BCE9-B118-4DEB-8BEB-55799EE26BAE}
		{72604A3B-7DDF-4B15-A6BC-4CA0AB7A26B2} = {8B96BCE9-B118-4DEB-8BEB-55799EE26BAE}
		{3D9EC57A-4418-48E5-ACFD-392681568A50} = {8B96BCE9-B118-4DEB-8BEB-55799EE26BAE}
	EndGlobalSection
EndGlobal
